// !$*UTF8*$!
{
	archiveVersion = 1;
	classes = {
	};
	objectVersion = 56;
	objects = {

/* Begin PBXBuildFile section */
		C03786AF28DD22B400F17CB5 /* saoroqueApp.swift in Sources */ = {isa = PBXBuildFile; fileRef = C03786AE28DD22B400F17CB5 /* saoroqueApp.swift */; };
		C03786B128DD22B400F17CB5 /* ContentView.swift in Sources */ = {isa = PBXBuildFile; fileRef = C03786B028DD22B400F17CB5 /* ContentView.swift */; };
		C03786B328DD22B600F17CB5 /* Assets.xcassets in Resources */ = {isa = PBXBuildFile; fileRef = C03786B228DD22B600F17CB5 /* Assets.xcassets */; };
		C03786B628DD22B600F17CB5 /* Preview Assets.xcassets in Resources */ = {isa = PBXBuildFile; fileRef = C03786B528DD22B600F17CB5 /* Preview Assets.xcassets */; };
		C03BC10B28DD4D6B001BDF0C /* Application + Extensions.swift in Sources */ = {isa = PBXBuildFile; fileRef = C03BC10A28DD4D6B001BDF0C /* Application + Extensions.swift */; };
		C041763628DD29AB001E54D6 /* LoginHeaderView.swift in Sources */ = {isa = PBXBuildFile; fileRef = C041763328DD29AB001E54D6 /* LoginHeaderView.swift */; };
		C041763828DD29EE001E54D6 /* ColorAssets.xcassets in Resources */ = {isa = PBXBuildFile; fileRef = C041763728DD29EE001E54D6 /* ColorAssets.xcassets */; };
		C041765528DD38F0001E54D6 /* CustomInputText.swift in Sources */ = {isa = PBXBuildFile; fileRef = C041765428DD38F0001E54D6 /* CustomInputText.swift */; };
		C041765728DD3B5A001E54D6 /* CustomSecureInputText.swift in Sources */ = {isa = PBXBuildFile; fileRef = C041765628DD3B5A001E54D6 /* CustomSecureInputText.swift */; };
		C0FC7C7328DD45670073EBC9 /* LoginButtonsView.swift in Sources */ = {isa = PBXBuildFile; fileRef = C0FC7C7228DD45670073EBC9 /* LoginButtonsView.swift */; };
		C0FC7C7528DD46130073EBC9 /* PositiveButton.swift in Sources */ = {isa = PBXBuildFile; fileRef = C0FC7C7428DD46130073EBC9 /* PositiveButton.swift */; };
		C0FC7C7728DD48F80073EBC9 /* LightButton.swift in Sources */ = {isa = PBXBuildFile; fileRef = C0FC7C7628DD48F80073EBC9 /* LightButton.swift */; };
/* End PBXBuildFile section */

/* Begin PBXFileReference section */
		C03786AB28DD22B400F17CB5 /* saoroque.app */ = {isa = PBXFileReference; explicitFileType = wrapper.application; includeInIndex = 0; path = saoroque.app; sourceTree = BUILT_PRODUCTS_DIR; };
		C03786AE28DD22B400F17CB5 /* saoroqueApp.swift */ = {isa = PBXFileReference; lastKnownFileType = sourcecode.swift; path = saoroqueApp.swift; sourceTree = "<group>"; };
		C03786B028DD22B400F17CB5 /* ContentView.swift */ = {isa = PBXFileReference; lastKnownFileType = sourcecode.swift; path = ContentView.swift; sourceTree = "<group>"; };
		C03786B228DD22B600F17CB5 /* Assets.xcassets */ = {isa = PBXFileReference; lastKnownFileType = folder.assetcatalog; path = Assets.xcassets; sourceTree = "<group>"; };
		C03786B528DD22B600F17CB5 /* Preview Assets.xcassets */ = {isa = PBXFileReference; lastKnownFileType = folder.assetcatalog; path = "Preview Assets.xcassets"; sourceTree = "<group>"; };
		C03BC10A28DD4D6B001BDF0C /* Application + Extensions.swift */ = {isa = PBXFileReference; lastKnownFileType = sourcecode.swift; path = "Application + Extensions.swift"; sourceTree = "<group>"; };
		C041763328DD29AB001E54D6 /* LoginHeaderView.swift */ = {isa = PBXFileReference; fileEncoding = 4; lastKnownFileType = sourcecode.swift; path = LoginHeaderView.swift; sourceTree = "<group>"; };
		C041763728DD29EE001E54D6 /* ColorAssets.xcassets */ = {isa = PBXFileReference; lastKnownFileType = folder.assetcatalog; path = ColorAssets.xcassets; sourceTree = "<group>"; };
		C041765428DD38F0001E54D6 /* CustomInputText.swift */ = {isa = PBXFileReference; lastKnownFileType = sourcecode.swift; path = CustomInputText.swift; sourceTree = "<group>"; };
		C041765628DD3B5A001E54D6 /* CustomSecureInputText.swift */ = {isa = PBXFileReference; lastKnownFileType = sourcecode.swift; path = CustomSecureInputText.swift; sourceTree = "<group>"; };
		C0FC7C7228DD45670073EBC9 /* LoginButtonsView.swift */ = {isa = PBXFileReference; lastKnownFileType = sourcecode.swift; path = LoginButtonsView.swift; sourceTree = "<group>"; };
		C0FC7C7428DD46130073EBC9 /* PositiveButton.swift */ = {isa = PBXFileReference; lastKnownFileType = sourcecode.swift; path = PositiveButton.swift; sourceTree = "<group>"; };
		C0FC7C7628DD48F80073EBC9 /* LightButton.swift */ = {isa = PBXFileReference; lastKnownFileType = sourcecode.swift; path = LightButton.swift; sourceTree = "<group>"; };
/* End PBXFileReference section */

/* Begin PBXFrameworksBuildPhase section */
		C03786A828DD22B400F17CB5 /* Frameworks */ = {
			isa = PBXFrameworksBuildPhase;
			buildActionMask = 2147483647;
			files = (
			);
			runOnlyForDeploymentPostprocessing = 0;
		};
/* End PBXFrameworksBuildPhase section */

/* Begin PBXGroup section */
		C03786A228DD22B400F17CB5 = {
			isa = PBXGroup;
			children = (
				C03786AD28DD22B400F17CB5 /* saoroque */,
				C03786AC28DD22B400F17CB5 /* Products */,
			);
			sourceTree = "<group>";
		};
		C03786AC28DD22B400F17CB5 /* Products */ = {
			isa = PBXGroup;
			children = (
				C03786AB28DD22B400F17CB5 /* saoroque.app */,
			);
			name = Products;
			sourceTree = "<group>";
		};
		C03786AD28DD22B400F17CB5 /* saoroque */ = {
			isa = PBXGroup;
			children = (
				C041765328DD38D7001E54D6 /* CustomViews */,
				C041763028DD29AB001E54D6 /* Login */,
				C03786AE28DD22B400F17CB5 /* saoroqueApp.swift */,
				C03786B028DD22B400F17CB5 /* ContentView.swift */,
				C03786B228DD22B600F17CB5 /* Assets.xcassets */,
				C041763728DD29EE001E54D6 /* ColorAssets.xcassets */,
				C03786B428DD22B600F17CB5 /* Preview Content */,
				C03BC10A28DD4D6B001BDF0C /* Application + Extensions.swift */,
			);
			path = saoroque;
			sourceTree = "<group>";
		};
		C03786B428DD22B600F17CB5 /* Preview Content */ = {
			isa = PBXGroup;
			children = (
				C03786B528DD22B600F17CB5 /* Preview Assets.xcassets */,
			);
			path = "Preview Content";
			sourceTree = "<group>";
		};
		C041763028DD29AB001E54D6 /* Login */ = {
			isa = PBXGroup;
			children = (
				C041763328DD29AB001E54D6 /* LoginHeaderView.swift */,
				C0FC7C7228DD45670073EBC9 /* LoginButtonsView.swift */,
			);
			path = Login;
			sourceTree = "<group>";
		};
		C041765328DD38D7001E54D6 /* CustomViews */ = {
			isa = PBXGroup;
			children = (
				C041765428DD38F0001E54D6 /* CustomInputText.swift */,
				C041765628DD3B5A001E54D6 /* CustomSecureInputText.swift */,
				C0FC7C7428DD46130073EBC9 /* PositiveButton.swift */,
				C0FC7C7628DD48F80073EBC9 /* LightButton.swift */,
			);
			path = CustomViews;
			sourceTree = "<group>";
		};
/* End PBXGroup section */

/* Begin PBXNativeTarget section */
		C03786AA28DD22B400F17CB5 /* saoroque */ = {
			isa = PBXNativeTarget;
			buildConfigurationList = C03786B928DD22B600F17CB5 /* Build configuration list for PBXNativeTarget "saoroque" */;
			buildPhases = (
				C03786A728DD22B400F17CB5 /* Sources */,
				C03786A828DD22B400F17CB5 /* Frameworks */,
				C03786A928DD22B400F17CB5 /* Resources */,
			);
			buildRules = (
			);
			dependencies = (
			);
			name = saoroque;
			productName = saoroque;
			productReference = C03786AB28DD22B400F17CB5 /* saoroque.app */;
			productType = "com.apple.product-type.application";
		};
/* End PBXNativeTarget section */

/* Begin PBXProject section */
		C03786A328DD22B400F17CB5 /* Project object */ = {
			isa = PBXProject;
			attributes = {
				BuildIndependentTargetsInParallel = 1;
				LastSwiftUpdateCheck = 1400;
				LastUpgradeCheck = 1400;
				TargetAttributes = {
					C03786AA28DD22B400F17CB5 = {
						CreatedOnToolsVersion = 14.0;
					};
				};
			};
			buildConfigurationList = C03786A628DD22B400F17CB5 /* Build configuration list for PBXProject "saoroque" */;
			compatibilityVersion = "Xcode 14.0";
			developmentRegion = en;
			hasScannedForEncodings = 0;
			knownRegions = (
				en,
				Base,
			);
			mainGroup = C03786A228DD22B400F17CB5;
			productRefGroup = C03786AC28DD22B400F17CB5 /* Products */;
			projectDirPath = "";
			projectRoot = "";
			targets = (
				C03786AA28DD22B400F17CB5 /* saoroque */,
			);
		};
/* End PBXProject section */

/* Begin PBXResourcesBuildPhase section */
		C03786A928DD22B400F17CB5 /* Resources */ = {
			isa = PBXResourcesBuildPhase;
			buildActionMask = 2147483647;
			files = (
				C03786B628DD22B600F17CB5 /* Preview Assets.xcassets in Resources */,
				C041763828DD29EE001E54D6 /* ColorAssets.xcassets in Resources */,
				C03786B328DD22B600F17CB5 /* Assets.xcassets in Resources */,
			);
			runOnlyForDeploymentPostprocessing = 0;
		};
/* End PBXResourcesBuildPhase section */

/* Begin PBXSourcesBuildPhase section */
		C03786A728DD22B400F17CB5 /* Sources */ = {
			isa = PBXSourcesBuildPhase;
			buildActionMask = 2147483647;
			files = (
				C0FC7C7728DD48F80073EBC9 /* LightButton.swift in Sources */,
				C0FC7C7328DD45670073EBC9 /* LoginButtonsView.swift in Sources */,
				C041763628DD29AB001E54D6 /* LoginHeaderView.swift in Sources */,
				C041765728DD3B5A001E54D6 /* CustomSecureInputText.swift in Sources */,
				C0FC7C7528DD46130073EBC9 /* PositiveButton.swift in Sources */,
				C03786B128DD22B400F17CB5 /* ContentView.swift in Sources */,
				C03786AF28DD22B400F17CB5 /* saoroqueApp.swift in Sources */,
				C041765528DD38F0001E54D6 /* CustomInputText.swift in Sources */,
				C03BC10B28DD4D6B001BDF0C /* Application + Extensions.swift in Sources */,
			);
			runOnlyForDeploymentPostprocessing = 0;
		};
/* End PBXSourcesBuildPhase section */

/* Begin XCBuildConfiguration section */
		C03786B728DD22B600F17CB5 /* Debug */ = {
			isa = XCBuildConfiguration;
			buildSettings = {
				ALWAYS_SEARCH_USER_PATHS = NO;
				CLANG_ANALYZER_NONNULL = YES;
				CLANG_ANALYZER_NUMBER_OBJECT_CONVERSION = YES_AGGRESSIVE;
				CLANG_CXX_LANGUAGE_STANDARD = "gnu++20";
				CLANG_ENABLE_MODULES = YES;
				CLANG_ENABLE_OBJC_ARC = YES;
				CLANG_ENABLE_OBJC_WEAK = YES;
				CLANG_WARN_BLOCK_CAPTURE_AUTORELEASING = YES;
				CLANG_WARN_BOOL_CONVERSION = YES;
				CLANG_WARN_COMMA = YES;
				CLANG_WARN_CONSTANT_CONVERSION = YES;
				CLANG_WARN_DEPRECATED_OBJC_IMPLEMENTATIONS = YES;
				CLANG_WARN_DIRECT_OBJC_ISA_USAGE = YES_ERROR;
				CLANG_WARN_DOCUMENTATION_COMMENTS = YES;
				CLANG_WARN_EMPTY_BODY = YES;
				CLANG_WARN_ENUM_CONVERSION = YES;
				CLANG_WARN_INFINITE_RECURSION = YES;
				CLANG_WARN_INT_CONVERSION = YES;
				CLANG_WARN_NON_LITERAL_NULL_CONVERSION = YES;
				CLANG_WARN_OBJC_IMPLICIT_RETAIN_SELF = YES;
				CLANG_WARN_OBJC_LITERAL_CONVERSION = YES;
				CLANG_WARN_OBJC_ROOT_CLASS = YES_ERROR;
				CLANG_WARN_QUOTED_INCLUDE_IN_FRAMEWORK_HEADER = YES;
				CLANG_WARN_RANGE_LOOP_ANALYSIS = YES;
				CLANG_WARN_STRICT_PROTOTYPES = YES;
				CLANG_WARN_SUSPICIOUS_MOVE = YES;
				CLANG_WARN_UNGUARDED_AVAILABILITY = YES_AGGRESSIVE;
				CLANG_WARN_UNREACHABLE_CODE = YES;
				CLANG_WARN__DUPLICATE_METHOD_MATCH = YES;
				COPY_PHASE_STRIP = NO;
				DEBUG_INFORMATION_FORMAT = dwarf;
				ENABLE_STRICT_OBJC_MSGSEND = YES;
				ENABLE_TESTABILITY = YES;
				GCC_C_LANGUAGE_STANDARD = gnu11;
				GCC_DYNAMIC_NO_PIC = NO;
				GCC_NO_COMMON_BLOCKS = YES;
				GCC_OPTIMIZATION_LEVEL = 0;
				GCC_PREPROCESSOR_DEFINITIONS = (
					"DEBUG=1",
					"$(inherited)",
				);
				GCC_WARN_64_TO_32_BIT_CONVERSION = YES;
				GCC_WARN_ABOUT_RETURN_TYPE = YES_ERROR;
				GCC_WARN_UNDECLARED_SELECTOR = YES;
				GCC_WARN_UNINITIALIZED_AUTOS = YES_AGGRESSIVE;
				GCC_WARN_UNUSED_FUNCTION = YES;
				GCC_WARN_UNUSED_VARIABLE = YES;
				IPHONEOS_DEPLOYMENT_TARGET = 16.0;
				MTL_ENABLE_DEBUG_INFO = INCLUDE_SOURCE;
				MTL_FAST_MATH = YES;
				ONLY_ACTIVE_ARCH = YES;
				SDKROOT = iphoneos;
				SWIFT_ACTIVE_COMPILATION_CONDITIONS = DEBUG;
				SWIFT_OPTIMIZATION_LEVEL = "-Onone";
			};
			name = Debug;
		};
		C03786B828DD22B600F17CB5 /* Release */ = {
			isa = XCBuildConfiguration;
			buildSettings = {
				ALWAYS_SEARCH_USER_PATHS = NO;
				CLANG_ANALYZER_NONNULL = YES;
				CLANG_ANALYZER_NUMBER_OBJECT_CONVERSION = YES_AGGRESSIVE;
				CLANG_CXX_LANGUAGE_STANDARD = "gnu++20";
				CLANG_ENABLE_MODULES = YES;
				CLANG_ENABLE_OBJC_ARC = YES;
				CLANG_ENABLE_OBJC_WEAK = YES;
				CLANG_WARN_BLOCK_CAPTURE_AUTORELEASING = YES;
				CLANG_WARN_BOOL_CONVERSION = YES;
				CLANG_WARN_COMMA = YES;
				CLANG_WARN_CONSTANT_CONVERSION = YES;
				CLANG_WARN_DEPRECATED_OBJC_IMPLEMENTATIONS = YES;
				CLANG_WARN_DIRECT_OBJC_ISA_USAGE = YES_ERROR;
				CLANG_WARN_DOCUMENTATION_COMMENTS = YES;
				CLANG_WARN_EMPTY_BODY = YES;
				CLANG_WARN_ENUM_CONVERSION = YES;
				CLANG_WARN_INFINITE_RECURSION = YES;
				CLANG_WARN_INT_CONVERSION = YES;
				CLANG_WARN_NON_LITERAL_NULL_CONVERSION = YES;
				CLANG_WARN_OBJC_IMPLICIT_RETAIN_SELF = YES;
				CLANG_WARN_OBJC_LITERAL_CONVERSION = YES;
				CLANG_WARN_OBJC_ROOT_CLASS = YES_ERROR;
				CLANG_WARN_QUOTED_INCLUDE_IN_FRAMEWORK_HEADER = YES;
				CLANG_WARN_RANGE_LOOP_ANALYSIS = YES;
				CLANG_WARN_STRICT_PROTOTYPES = YES;
				CLANG_WARN_SUSPICIOUS_MOVE = YES;
				CLANG_WARN_UNGUARDED_AVAILABILITY = YES_AGGRESSIVE;
				CLANG_WARN_UNREACHABLE_CODE = YES;
				CLANG_WARN__DUPLICATE_METHOD_MATCH = YES;
				COPY_PHASE_STRIP = NO;
				DEBUG_INFORMATION_FORMAT = "dwarf-with-dsym";
				ENABLE_NS_ASSERTIONS = NO;
				ENABLE_STRICT_OBJC_MSGSEND = YES;
				GCC_C_LANGUAGE_STANDARD = gnu11;
				GCC_NO_COMMON_BLOCKS = YES;
				GCC_WARN_64_TO_32_BIT_CONVERSION = YES;
				GCC_WARN_ABOUT_RETURN_TYPE = YES_ERROR;
				GCC_WARN_UNDECLARED_SELECTOR = YES;
				GCC_WARN_UNINITIALIZED_AUTOS = YES_AGGRESSIVE;
				GCC_WARN_UNUSED_FUNCTION = YES;
				GCC_WARN_UNUSED_VARIABLE = YES;
				IPHONEOS_DEPLOYMENT_TARGET = 16.0;
				MTL_ENABLE_DEBUG_INFO = NO;
				MTL_FAST_MATH = YES;
				SDKROOT = iphoneos;
				SWIFT_COMPILATION_MODE = wholemodule;
				SWIFT_OPTIMIZATION_LEVEL = "-O";
				VALIDATE_PRODUCT = YES;
			};
			name = Release;
		};
		C03786BA28DD22B600F17CB5 /* Debug */ = {
			isa = XCBuildConfiguration;
			buildSettings = {
				ASSETCATALOG_COMPILER_APPICON_NAME = AppIcon;
				ASSETCATALOG_COMPILER_GLOBAL_ACCENT_COLOR_NAME = AccentColor;
				CODE_SIGN_STYLE = Automatic;
				CURRENT_PROJECT_VERSION = 1;
				DEVELOPMENT_ASSET_PATHS = "\"saoroque/Preview Content\"";
				DEVELOPMENT_TEAM = 7AV6XLHW8K;
				ENABLE_PREVIEWS = YES;
				GENERATE_INFOPLIST_FILE = YES;
				INFOPLIST_KEY_UIApplicationSceneManifest_Generation = YES;
				INFOPLIST_KEY_UIApplicationSupportsIndirectInputEvents = YES;
				INFOPLIST_KEY_UILaunchScreen_Generation = YES;
				INFOPLIST_KEY_UISupportedInterfaceOrientations_iPad = "UIInterfaceOrientationPortrait UIInterfaceOrientationPortraitUpsideDown UIInterfaceOrientationLandscapeLeft UIInterfaceOrientationLandscapeRight";
				INFOPLIST_KEY_UISupportedInterfaceOrientations_iPhone = "UIInterfaceOrientationPortrait UIInterfaceOrientationLandscapeLeft UIInterfaceOrientationLandscapeRight";
				LD_RUNPATH_SEARCH_PATHS = (
					"$(inherited)",
					"@executable_path/Frameworks",
				);
				MARKETING_VERSION = 1.0;
				PRODUCT_BUNDLE_IDENTIFIER = com.pixelapps.saoroque;
				PRODUCT_NAME = "$(TARGET_NAME)";
				SWIFT_EMIT_LOC_STRINGS = YES;
				SWIFT_VERSION = 5.0;
				TARGETED_DEVICE_FAMILY = "1,2";
			};
			name = Debug;
		};
		C03786BB28DD22B600F17CB5 /* Release */ = {
			isa = XCBuildConfiguration;
			buildSettings = {
				ASSETCATALOG_COMPILER_APPICON_NAME = AppIcon;
				ASSETCATALOG_COMPILER_GLOBAL_ACCENT_COLOR_NAME = AccentColor;
				CODE_SIGN_STYLE = Automatic;
				CURRENT_PROJECT_VERSION = 1;
				DEVELOPMENT_ASSET_PATHS = "\"saoroque/Preview Content\"";
				DEVELOPMENT_TEAM = 7AV6XLHW8K;
				ENABLE_PREVIEWS = YES;
				GENERATE_INFOPLIST_FILE = YES;
				INFOPLIST_KEY_UIApplicationSceneManifest_Generation = YES;
				INFOPLIST_KEY_UIApplicationSupportsIndirectInputEvents = YES;
				INFOPLIST_KEY_UILaunchScreen_Generation = YES;
				INFOPLIST_KEY_UISupportedInterfaceOrientations_iPad = "UIInterfaceOrientationPortrait UIInterfaceOrientationPortraitUpsideDown UIInterfaceOrientationLandscapeLeft UIInterfaceOrientationLandscapeRight";
				INFOPLIST_KEY_UISupportedInterfaceOrientations_iPhone = "UIInterfaceOrientationPortrait UIInterfaceOrientationLandscapeLeft UIInterfaceOrientationLandscapeRight";
				LD_RUNPATH_SEARCH_PATHS = (
					"$(inherited)",
					"@executable_path/Frameworks",
				);
				MARKETING_VERSION = 1.0;
				PRODUCT_BUNDLE_IDENTIFIER = com.pixelapps.saoroque;
				PRODUCT_NAME = "$(TARGET_NAME)";
				SWIFT_EMIT_LOC_STRINGS = YES;
				SWIFT_VERSION = 5.0;
				TARGETED_DEVICE_FAMILY = "1,2";
			};
			name = Release;
		};
/* End XCBuildConfiguration section */

/* Begin XCConfigurationList section */
		C03786A628DD22B400F17CB5 /* Build configuration list for PBXProject "saoroque" */ = {
			isa = XCConfigurationList;
			buildConfigurations = (
				C03786B728DD22B600F17CB5 /* Debug */,
				C03786B828DD22B600F17CB5 /* Release */,
			);
			defaultConfigurationIsVisible = 0;
			defaultConfigurationName = Release;
		};
		C03786B928DD22B600F17CB5 /* Build configuration list for PBXNativeTarget "saoroque" */ = {
			isa = XCConfigurationList;
			buildConfigurations = (
				C03786BA28DD22B600F17CB5 /* Debug */,
				C03786BB28DD22B600F17CB5 /* Release */,
			);
			defaultConfigurationIsVisible = 0;
			defaultConfigurationName = Release;
		};
/* End XCConfigurationList section */
	};
	rootObject = C03786A328DD22B400F17CB5 /* Project object */;
}
